
Microsoft Visual Studio Solution File, Format Version 12.00
# Visual Studio 2013
VisualStudioVersion = 12.0.31101.0
MinimumVisualStudioVersion = 10.0.40219.1
Project("{2150E333-8FDC-42A3-9474-1A3956D46DE8}") = "Infrastructure", "Infrastructure", "{AA4D5790-45D7-4359-B342-BAA80AA010A4}"
	ProjectSection(SolutionItems) = preProject
		..\PartyManagementSystem\Metlife.PMS.suo = ..\PartyManagementSystem\Metlife.PMS.suo
		..\PartyManagementSystem\Metlife.PMS.v12.suo = ..\PartyManagementSystem\Metlife.PMS.v12.suo
	EndProjectSection
EndProject
Project("{2150E333-8FDC-42A3-9474-1A3956D46DE8}") = "ClientApp", "ClientApp", "{D457A459-2638-43B0-BDC5-272261208B51}"
EndProject
Project("{FAE04EC0-301F-11D3-BF4B-00C04F79EFBC}") = "BusinessObject", "Infrastructure\BusinessObject\BusinessObject.csproj", "{B0809606-E400-47E6-8E51-E92F224A629B}"
EndProject
Project("{FAE04EC0-301F-11D3-BF4B-00C04F79EFBC}") = "Library", "Infrastructure\Library\Library.csproj", "{8A96681B-45DF-4FB6-90AA-6074DD71AC60}"
EndProject
Project("{FAE04EC0-301F-11D3-BF4B-00C04F79EFBC}") = "Entities", "Infrastructure\Entities\Entities.csproj", "{47F1ABC1-070F-4D44-BF88-CD24A84483AD}"
EndProject
Project("{FAE04EC0-301F-11D3-BF4B-00C04F79EFBC}") = "ClientApp", "Client\WPFClientApp\ClientApp.csproj", "{07AB6946-8435-4166-8248-71CBFB8ABA79}"
EndProject
Project("{FAE04EC0-301F-11D3-BF4B-00C04F79EFBC}") = "DataAccess", "Infrastructure\DataAccess\DataAccess.csproj", "{C37FD3D5-997D-4E10-B190-C8886EFADD07}"
EndProject
Global
	GlobalSection(SolutionConfigurationPlatforms) = preSolution
		Debug|Any CPU = Debug|Any CPU
		Release|Any CPU = Release|Any CPU
	EndGlobalSection
	GlobalSection(ProjectConfigurationPlatforms) = postSolution
		{B0809606-E400-47E6-8E51-E92F224A629B}.Debug|Any CPU.ActiveCfg = Debug|Any CPU
		{B0809606-E400-47E6-8E51-E92F224A629B}.Debug|Any CPU.Build.0 = Debug|Any CPU
		{B0809606-E400-47E6-8E51-E92F224A629B}.Release|Any CPU.ActiveCfg = Release|Any CPU
		{B0809606-E400-47E6-8E51-E92F224A629B}.Release|Any CPU.Build.0 = Release|Any CPU
		{8A96681B-45DF-4FB6-90AA-6074DD71AC60}.Debug|Any CPU.ActiveCfg = Debug|Any CPU
		{8A96681B-45DF-4FB6-90AA-6074DD71AC60}.Debug|Any CPU.Build.0 = Debug|Any CPU
		{8A96681B-45DF-4FB6-90AA-6074DD71AC60}.Release|Any CPU.ActiveCfg = Release|Any CPU
		{8A96681B-45DF-4FB6-90AA-6074DD71AC60}.Release|Any CPU.Build.0 = Release|Any CPU
		{47F1ABC1-070F-4D44-BF88-CD24A84483AD}.Debug|Any CPU.ActiveCfg = Debug|Any CPU
		{47F1ABC1-070F-4D44-BF88-CD24A84483AD}.Debug|Any CPU.Build.0 = Debug|Any CPU
		{47F1ABC1-070F-4D44-BF88-CD24A84483AD}.Release|Any CPU.ActiveCfg = Release|Any CPU
		{47F1ABC1-070F-4D44-BF88-CD24A84483AD}.Release|Any CPU.Build.0 = Release|Any CPU
		{07AB6946-8435-4166-8248-71CBFB8ABA79}.Debug|Any CPU.ActiveCfg = Debug|Any CPU
		{07AB6946-8435-4166-8248-71CBFB8ABA79}.Debug|Any CPU.Build.0 = Debug|Any CPU
		{07AB6946-8435-4166-8248-71CBFB8ABA79}.Release|Any CPU.ActiveCfg = Release|Any CPU
		{07AB6946-8435-4166-8248-71CBFB8ABA79}.Release|Any CPU.Build.0 = Release|Any CPU
		{C37FD3D5-997D-4E10-B190-C8886EFADD07}.Debug|Any CPU.ActiveCfg = Debug|Any CPU
		{C37FD3D5-997D-4E10-B190-C8886EFADD07}.Debug|Any CPU.Build.0 = Debug|Any CPU
		{C37FD3D5-997D-4E10-B190-C8886EFADD07}.Release|Any CPU.ActiveCfg = Release|Any CPU
		{C37FD3D5-997D-4E10-B190-C8886EFADD07}.Release|Any CPU.Build.0 = Release|Any CPU
	EndGlobalSection
	GlobalSection(SolutionProperties) = preSolution
		HideSolutionNode = FALSE
	EndGlobalSection
	GlobalSection(NestedProjects) = preSolution
		{B0809606-E400-47E6-8E51-E92F224A629B} = {AA4D5790-45D7-4359-B342-BAA80AA010A4}
		{8A96681B-45DF-4FB6-90AA-6074DD71AC60} = {AA4D5790-45D7-4359-B342-BAA80AA010A4}
		{47F1ABC1-070F-4D44-BF88-CD24A84483AD} = {AA4D5790-45D7-4359-B342-BAA80AA010A4}
		{07AB6946-8435-4166-8248-71CBFB8ABA79} = {D457A459-2638-43B0-BDC5-272261208B51}
		{C37FD3D5-997D-4E10-B190-C8886EFADD07} = {AA4D5790-45D7-4359-B342-BAA80AA010A4}
	EndGlobalSection
EndGlobal
